
Microsoft Visual Studio Solution File, Format Version 12.00
# Visual Studio Version 17
VisualStudioVersion = 17.8.34511.84
MinimumVisualStudioVersion = 10.0.40219.1
Project("{FAE04EC0-301F-11D3-BF4B-00C04F79EFBC}") = "ProjetoFaculdade", "ProjetoFaculdade\ProjetoFaculdade.csproj", "{BF0F0097-B167-4256-A2ED-23DA9C62B4D0}"
EndProject
Global
	GlobalSection(SolutionConfigurationPlatforms) = preSolution
		Debug|Any CPU = Debug|Any CPU
		Release|Any CPU = Release|Any CPU
	EndGlobalSection
	GlobalSection(ProjectConfigurationPlatforms) = postSolution
		{BF0F0097-B167-4256-A2ED-23DA9C62B4D0}.Debug|Any CPU.ActiveCfg = Debug|Any CPU
		{BF0F0097-B167-4256-A2ED-23DA9C62B4D0}.Debug|Any CPU.Build.0 = Debug|Any CPU
		{BF0F0097-B167-4256-A2ED-23DA9C62B4D0}.Debug|Any CPU.Deploy.0 = Debug|Any CPU
		{BF0F0097-B167-4256-A2ED-23DA9C62B4D0}.Release|Any CPU.ActiveCfg = Release|Any CPU
		{BF0F0097-B167-4256-A2ED-23DA9C62B4D0}.Release|Any CPU.Build.0 = Release|Any CPU
		{BF0F0097-B167-4256-A2ED-23DA9C62B4D0}.Release|Any CPU.Deploy.0 = Release|Any CPU
	EndGlobalSection
	GlobalSection(SolutionProperties) = preSolution
		HideSolutionNode = FALSE
	EndGlobalSection
	GlobalSection(ExtensibilityGlobals) = postSolution
		SolutionGuid = {B9A61D28-B071-451D-8259-51346FBB7C9F}
	EndGlobalSection
EndGlobal
